
Microsoft Visual Studio Solution File, Format Version 12.00
# Visual Studio Version 17
VisualStudioVersion = 17.9.34723.18
MinimumVisualStudioVersion = 10.0.40219.1
Project("{FAE04EC0-301F-11D3-BF4B-00C04F79EFBC}") = "unfollow finder", "unfollow finder\unfollow finder.csproj", "{888FF99E-F1AE-49FA-B7AE-26279E3AD7F5}"
EndProject
Global
	GlobalSection(SolutionConfigurationPlatforms) = preSolution
		Debug|Any CPU = Debug|Any CPU
		Release|Any CPU = Release|Any CPU
	EndGlobalSection
	GlobalSection(ProjectConfigurationPlatforms) = postSolution
		{888FF99E-F1AE-49FA-B7AE-26279E3AD7F5}.Debug|Any CPU.ActiveCfg = Debug|Any CPU
		{888FF99E-F1AE-49FA-B7AE-26279E3AD7F5}.Debug|Any CPU.Build.0 = Debug|Any CPU
		{888FF99E-F1AE-49FA-B7AE-26279E3AD7F5}.Release|Any CPU.ActiveCfg = Release|Any CPU
		{888FF99E-F1AE-49FA-B7AE-26279E3AD7F5}.Release|Any CPU.Build.0 = Release|Any CPU
	EndGlobalSection
	GlobalSection(SolutionProperties) = preSolution
		HideSolutionNode = FALSE
	EndGlobalSection
	GlobalSection(ExtensibilityGlobals) = postSolution
		SolutionGuid = {D061B2F9-6F78-4226-AE6D-79A5CF546C22}
	EndGlobalSection
EndGlobal
